{
  "name": "whoami",
  "lockfileVersion": 3,
  "requires": true,
  "packages": {
    "": {
      "dependencies": {
        "@dicebear/collection": "^6.0.4",
        "@dicebear/core": "^6.0.4",
        "avataaars": "^2.0.0",
        "react-nice-avatar": "^1.4.1"
      }
    },
    "node_modules/@babel/runtime": {
      "version": "7.22.5",
      "resolved": "https://registry.npmjs.org/@babel/runtime/-/runtime-7.22.5.tgz",
      "integrity": "sha512-ecjvYlnAaZ/KVneE/OdKYBYfgXV3Ptu6zQWmgEF7vwKhQnvVS6bjMD2XYgj+SNvQ1GfK/pjgokfPkC/2CO8CuA==",
      "dependencies": {
        "regenerator-runtime": "^0.13.11"
      },
      "engines": {
        "node": ">=6.9.0"
      }
    },
    "node_modules/@dicebear/adventurer": {
      "version": "6.0.4",
      "resolved": "https://registry.npmjs.org/@dicebear/adventurer/-/adventurer-6.0.4.tgz",
      "integrity": "sha512-mQEpdEeAd/pldLWgETlke+blMdBuPZRrsSStYDf/Ve/67WFUOiPCYyOzCz1TDrpvDrcq85EV9uqc8jGfTnywRw==",
      "engines": {
        "node": ">=16.0.0"
      },
      "peerDependencies": {
        "@dicebear/core": "^6.0.0"
      }
    },
    "node_modules/@dicebear/adventurer-neutral": {
      "version": "6.0.4",
      "resolved": "https://registry.npmjs.org/@dicebear/adventurer-neutral/-/adventurer-neutral-6.0.4.tgz",
      "integrity": "sha512-qRYk8potvJufC6x4WIA2fnSG8hxJpSXk3KDbrcXhHZGcDH8I+VogoBLqoJbotSgCkTMmzek5uguJ8tTsOmWPAg==",
      "engines": {
        "node": ">=16.0.0"
      },
      "peerDependencies": {
        "@dicebear/core": "^6.0.0"
      }
    },
    "node_modules/@dicebear/avataaars": {
      "version": "6.0.4",
      "resolved": "https://registry.npmjs.org/@dicebear/avataaars/-/avataaars-6.0.4.tgz",
      "integrity": "sha512-NEAiRykguMf4gTI9P8Uc5Mvthrr6gHmGyRPcd1UI6ndZs8ShgS5JqkaHeBEm88AmPDUvtibemSBkQ4pbH/ibbg==",
      "engines": {
        "node": ">=16.0.0"
      },
      "peerDependencies": {
        "@dicebear/core": "^6.0.0"
      }
    },
    "node_modules/@dicebear/avataaars-neutral": {
      "version": "6.0.4",
      "resolved": "https://registry.npmjs.org/@dicebear/avataaars-neutral/-/avataaars-neutral-6.0.4.tgz",
      "integrity": "sha512-aF+bRvr2lHMEuzmewW2rZYRb05ipSh0q0O7bJDPPjdIU/RdyY5no/xuka1kssA2xH5NSAi/ruIOtNctYY8315g==",
      "engines": {
        "node": ">=16.0.0"
      },
      "peerDependencies": {
        "@dicebear/core": "^6.0.0"
      }
    },
    "node_modules/@dicebear/big-ears": {
      "version": "6.0.4",
      "resolved": "https://registry.npmjs.org/@dicebear/big-ears/-/big-ears-6.0.4.tgz",
      "integrity": "sha512-/UspTsmClXodKGLZHGXaTHtLUVyjjiMPZip16BG8SkbAEkgEhV+ptCBV5ky2aOLjEYSYO2wCWs6Jkvsk5ONzaQ==",
      "engines": {
        "node": ">=16.0.0"
      },
      "peerDependencies": {
        "@dicebear/core": "^6.0.0"
      }
    },
    "node_modules/@dicebear/big-ears-neutral": {
      "version": "6.0.4",
      "resolved": "https://registry.npmjs.org/@dicebear/big-ears-neutral/-/big-ears-neutral-6.0.4.tgz",
      "integrity": "sha512-H6+4Wd1Jp7RhrbQQaAGdmXGsXIh9XGFOMxULT2yiAAkOCWCk6iNCbbNfLD8xBUYOg2tZFLhpG3tUVdVs99ttaQ==",
      "engines": {
        "node": ">=16.0.0"
      },
      "peerDependencies": {
        "@dicebear/core": "^6.0.0"
      }
    },
    "node_modules/@dicebear/big-smile": {
      "version": "6.0.4",
      "resolved": "https://registry.npmjs.org/@dicebear/big-smile/-/big-smile-6.0.4.tgz",
      "integrity": "sha512-u7h/aSHPD2T6H4//Qqko0DeFjq+nfEXyW44V2S4VNs03UZ1VOENZWCknjvK5UY3/RxLVepU9BGQ2rz5huJkbCw==",
      "engines": {
        "node": ">=16.0.0"
      },
      "peerDependencies": {
        "@dicebear/core": "^6.0.0"
      }
    },
    "node_modules/@dicebear/bottts": {
      "version": "6.0.4",
      "resolved": "https://registry.npmjs.org/@dicebear/bottts/-/bottts-6.0.4.tgz",
      "integrity": "sha512-dfIPCVaIgiyTSpxSBZnjSahjl9EqYD1/8K3N2aQoUjIN2zb9F63xkzVfeJyF3Yq3K9T0qHiUZbdjFqUxbkDeYQ==",
      "engines": {
        "node": ">=16.0.0"
      },
      "peerDependencies": {
        "@dicebear/core": "^6.0.0"
      }
    },
    "node_modules/@dicebear/bottts-neutral": {
      "version": "6.0.4",
      "resolved": "https://registry.npmjs.org/@dicebear/bottts-neutral/-/bottts-neutral-6.0.4.tgz",
      "integrity": "sha512-I3cvxJjqX1y+DgS61gqegzdPmvXATRCvGyXfourxBi8z9C20rlotvHryHKaA/SW/ZH7C8AHrD2gvEW+i3vGVlw==",
      "engines": {
        "node": ">=16.0.0"
      },
      "peerDependencies": {
        "@dicebear/core": "^6.0.0"
      }
    },
    "node_modules/@dicebear/collection": {
      "version": "6.0.4",
      "resolved": "https://registry.npmjs.org/@dicebear/collection/-/collection-6.0.4.tgz",
      "integrity": "sha512-HpT6I1VlPgB8qoEvRZptZR59AzXzUMhKI678XHG73RAZ2nUWO87tHgUzv4Ieaj4XxUTHpf47crUAGIT1DEbpiw==",
      "dependencies": {
        "@dicebear/adventurer": "6.0.4",
        "@dicebear/adventurer-neutral": "6.0.4",
        "@dicebear/avataaars": "6.0.4",
        "@dicebear/avataaars-neutral": "6.0.4",
        "@dicebear/big-ears": "6.0.4",
        "@dicebear/big-ears-neutral": "6.0.4",
        "@dicebear/big-smile": "6.0.4",
        "@dicebear/bottts": "6.0.4",
        "@dicebear/bottts-neutral": "6.0.4",
        "@dicebear/croodles": "6.0.4",
        "@dicebear/croodles-neutral": "6.0.4",
        "@dicebear/fun-emoji": "6.0.4",
        "@dicebear/icons": "6.0.4",
        "@dicebear/identicon": "6.0.4",
        "@dicebear/initials": "6.0.4",
        "@dicebear/lorelei": "6.0.4",
        "@dicebear/lorelei-neutral": "6.0.4",
        "@dicebear/micah": "6.0.4",
        "@dicebear/miniavs": "6.0.4",
        "@dicebear/notionists": "6.0.4",
        "@dicebear/notionists-neutral": "6.0.4",
        "@dicebear/open-peeps": "6.0.4",
        "@dicebear/personas": "6.0.4",
        "@dicebear/pixel-art": "6.0.4",
        "@dicebear/pixel-art-neutral": "6.0.4",
        "@dicebear/shapes": "6.0.4",
        "@dicebear/thumbs": "6.0.4"
      },
      "engines": {
        "node": ">=16.0.0"
      },
      "peerDependencies": {
        "@dicebear/core": "^6.0.0"
      }
    },
    "node_modules/@dicebear/converter": {
      "version": "6.0.4",
      "resolved": "https://registry.npmjs.org/@dicebear/converter/-/converter-6.0.4.tgz",
      "integrity": "sha512-Zmf2f3Hk+LPclV7+zYb2FZ+U59irS+mzPK9/cHzkKKMxrmzEKBSWNrume1iRcuVb3X/oSEJa70sA8Cu/9PE12A==",
      "dependencies": {
        "@types/json-schema": "^7.0.11",
        "tmp-promise": "^3.0.3"
      },
      "engines": {
        "node": ">=16.0.0"
      },
      "peerDependencies": {
        "@resvg/resvg-js": "^2.4.1",
        "exiftool-vendored": "^21.2.0",
        "sharp": "^0.32.1"
      },
      "peerDependenciesMeta": {
        "@resvg/resvg-js": {
          "optional": true
        },
        "exiftool-vendored": {
          "optional": true
        },
        "sharp": {
          "optional": true
        }
      }
    },
    "node_modules/@dicebear/core": {
      "version": "6.0.4",
      "resolved": "https://registry.npmjs.org/@dicebear/core/-/core-6.0.4.tgz",
      "integrity": "sha512-N+zP0g8r4CegXnqtJ5c8YH1NUZCH2C9ojEmtuo+9wqHvm0jAfsOfw777ydN7tV4GKw/xAGUvM6XagthX0EhDIQ==",
      "dependencies": {
        "@dicebear/converter": "6.0.4",
        "@types/json-schema": "^7.0.11"
      },
      "engines": {
        "node": ">=16.0.0"
      }
    },
    "node_modules/@dicebear/croodles": {
      "version": "6.0.4",
      "resolved": "https://registry.npmjs.org/@dicebear/croodles/-/croodles-6.0.4.tgz",
      "integrity": "sha512-N5nJzFYhtdSASy1rPhXTl0zP2KrrvX4KEcLp1jSdRPN/OCxv9HxWqREWVsdG6rOfJtG6D5NswClO18qqUk+sSg==",
      "engines": {
        "node": ">=16.0.0"
      },
      "peerDependencies": {
        "@dicebear/core": "^6.0.0"
      }
    },
    "node_modules/@dicebear/croodles-neutral": {
      "version": "6.0.4",
      "resolved": "https://registry.npmjs.org/@dicebear/croodles-neutral/-/croodles-neutral-6.0.4.tgz",
      "integrity": "sha512-Ky+skOcqT3wIwvfyDCLqzs5xQLI1ISbSByTBLoSamQMNtCYAfy4dkqhxTGF/IiWFDys7b5JLQrwF6Fojlt4zlQ==",
      "engines": {
        "node": ">=16.0.0"
      },
      "peerDependencies": {
        "@dicebear/core": "^6.0.0"
      }
    },
    "node_modules/@dicebear/fun-emoji": {
      "version": "6.0.4",
      "resolved": "https://registry.npmjs.org/@dicebear/fun-emoji/-/fun-emoji-6.0.4.tgz",
      "integrity": "sha512-6hoMFa5IwylMwAGNQd6VqOm2aJ+k+Ovfg76EW3bUNe436YYILjymwgjWpJdvCevju2oSMUxXfsMZ0s7tLsR7lQ==",
      "engines": {
        "node": ">=16.0.0"
      },
      "peerDependencies": {
        "@dicebear/core": "^6.0.0"
      }
    },
    "node_modules/@dicebear/icons": {
      "version": "6.0.4",
      "resolved": "https://registry.npmjs.org/@dicebear/icons/-/icons-6.0.4.tgz",
      "integrity": "sha512-1gSiui6bUxFIHAgCYn6ZiajKjEa9qdvv0cXhHFdl/e5mgA6whZnzRCvM1zYthw3t4BAAcfU3WoTdgyQ1Kg3R6w==",
      "engines": {
        "node": ">=16.0.0"
      },
      "peerDependencies": {
        "@dicebear/core": "^6.0.0"
      }
    },
    "node_modules/@dicebear/identicon": {
      "version": "6.0.4",
      "resolved": "https://registry.npmjs.org/@dicebear/identicon/-/identicon-6.0.4.tgz",
      "integrity": "sha512-h/ffctx/4tGRhzMFiGA47TWObWVFtExDbgIEgUlGmh26Xp72Fl3uXSrS8T5C6bg9Qv6F+kTnkUy1BNVvaR/kbQ==",
      "engines": {
        "node": ">=16.0.0"
      },
      "peerDependencies": {
        "@dicebear/core": "^6.0.0"
      }
    },
    "node_modules/@dicebear/initials": {
      "version": "6.0.4",
      "resolved": "https://registry.npmjs.org/@dicebear/initials/-/initials-6.0.4.tgz",
      "integrity": "sha512-TJfGkhKCLkDrUAifXMCn/rhTu95lKQcYoJbCZuQd15oF+Re8fGKjFDXOY/oUjmrWHaGSMU2sW0VoHGnTAWHpUg==",
      "engines": {
        "node": ">=16.0.0"
      },
      "peerDependencies": {
        "@dicebear/core": "^6.0.0"
      }
    },
    "node_modules/@dicebear/lorelei": {
      "version": "6.0.4",
      "resolved": "https://registry.npmjs.org/@dicebear/lorelei/-/lorelei-6.0.4.tgz",
      "integrity": "sha512-ExAju4tkkH1T7ghRHgFch+gRPDTTDjXyRseYuZzXjHVT/ro9I5ZTQRw1dWfoRyw4kh4fvPJG3mwo1lO4Ibr3LA==",
      "engines": {
        "node": ">=16.0.0"
      },
      "peerDependencies": {
        "@dicebear/core": "^6.0.0"
      }
    },
    "node_modules/@dicebear/lorelei-neutral": {
      "version": "6.0.4",
      "resolved": "https://registry.npmjs.org/@dicebear/lorelei-neutral/-/lorelei-neutral-6.0.4.tgz",
      "integrity": "sha512-YCkW9lJxMiI0YZUsqze1cWhxYeZPrn81AQkJm4yl4MsLy+BORRAfpkJX9cTA5bzsTZRd+yjLhPyPJQMBfth6Xw==",
      "engines": {
        "node": ">=16.0.0"
      },
      "peerDependencies": {
        "@dicebear/core": "^6.0.0"
      }
    },
    "node_modules/@dicebear/micah": {
      "version": "6.0.4",
      "resolved": "https://registry.npmjs.org/@dicebear/micah/-/micah-6.0.4.tgz",
      "integrity": "sha512-sIFyfJ3KX1WalmePoyYvuF6lr+wcrVfaO+d3ElRJIUmqpn3ZKZ1I5616JvwiSdLMbxyCRS1gwo6yjqcYNo3XcQ==",
      "engines": {
        "node": ">=16.0.0"
      },
      "peerDependencies": {
        "@dicebear/core": "^6.0.0"
      }
    },
    "node_modules/@dicebear/miniavs": {
      "version": "6.0.4",
      "resolved": "https://registry.npmjs.org/@dicebear/miniavs/-/miniavs-6.0.4.tgz",
      "integrity": "sha512-qwu8ZuAMwvOesaX1VS7uWbq0ghIPkybeu0gS/JXuEbYoMxn3/nUo/jgj79mYdTQseW8psPcTS3vi+k8J+Ds2/g==",
      "engines": {
        "node": ">=16.0.0"
      },
      "peerDependencies": {
        "@dicebear/core": "^6.0.0"
      }
    },
    "node_modules/@dicebear/notionists": {
      "version": "6.0.4",
      "resolved": "https://registry.npmjs.org/@dicebear/notionists/-/notionists-6.0.4.tgz",
      "integrity": "sha512-3z34zHfCdHawf4lqR6C+5Xqf2XrQ9kn8hVNG/2Ns4I65mEs6pdacQi3nyk9/P8554QZcqMOq54vAlCJnRoxyBw==",
      "engines": {
        "node": ">=16.0.0"
      },
      "peerDependencies": {
        "@dicebear/core": "^6.0.0"
      }
    },
    "node_modules/@dicebear/notionists-neutral": {
      "version": "6.0.4",
      "resolved": "https://registry.npmjs.org/@dicebear/notionists-neutral/-/notionists-neutral-6.0.4.tgz",
      "integrity": "sha512-nYkWD6nQxwV85IID/OTFBjE+nIRSSQdUS2ng+qxSxb3RIoZBONnE5t74lsZNuG4qNvsp0eP4NMOdiISOSWs4YA==",
      "engines": {
        "node": ">=16.0.0"
      },
      "peerDependencies": {
        "@dicebear/core": "^6.0.0"
      }
    },
    "node_modules/@dicebear/open-peeps": {
      "version": "6.0.4",
      "resolved": "https://registry.npmjs.org/@dicebear/open-peeps/-/open-peeps-6.0.4.tgz",
      "integrity": "sha512-2vnQlI7vxqtXuu6j0k8gQPGA0nFQXWfji2KRkfSYjtErPlcNAb6++TD5eLX1vw+p/8Bl0U/pKRRoDoqavdQR1w==",
      "engines": {
        "node": ">=16.0.0"
      },
      "peerDependencies": {
        "@dicebear/core": "^6.0.0"
      }
    },
    "node_modules/@dicebear/personas": {
      "version": "6.0.4",
      "resolved": "https://registry.npmjs.org/@dicebear/personas/-/personas-6.0.4.tgz",
      "integrity": "sha512-j2nyBORDx48f4XvkBuwKPx4fzAPAG6YQFkpL8O1DHxIaSh0U0nlBKwwb4XC8la83GzUlUF2QfW2a6j0rfKfweQ==",
      "engines": {
        "node": ">=16.0.0"
      },
      "peerDependencies": {
        "@dicebear/core": "^6.0.0"
      }
    },
    "node_modules/@dicebear/pixel-art": {
      "version": "6.0.4",
      "resolved": "https://registry.npmjs.org/@dicebear/pixel-art/-/pixel-art-6.0.4.tgz",
      "integrity": "sha512-UAH+1SxzOGMLM/3lOmNcI7dotlGoOQGDPbUhHux1weaJbnOzJLMAUYTpnEW9JoPpk5IclrpR/YH5W6VUcPchXw==",
      "engines": {
        "node": ">=16.0.0"
      },
      "peerDependencies": {
        "@dicebear/core": "^6.0.0"
      }
    },
    "node_modules/@dicebear/pixel-art-neutral": {
      "version": "6.0.4",
      "resolved": "https://registry.npmjs.org/@dicebear/pixel-art-neutral/-/pixel-art-neutral-6.0.4.tgz",
      "integrity": "sha512-ZDTP7vmXVgfr+vIbXQVlgNwRF9F1Bnj1ylckPtNVWjp/CKgRouLlOMuL2H+mmzsB1WS0r3AJKexQ1swaccDK8w==",
      "engines": {
        "node": ">=16.0.0"
      },
      "peerDependencies": {
        "@dicebear/core": "^6.0.0"
      }
    },
    "node_modules/@dicebear/shapes": {
      "version": "6.0.4",
      "resolved": "https://registry.npmjs.org/@dicebear/shapes/-/shapes-6.0.4.tgz",
      "integrity": "sha512-fDp/AZUR0oIx9TnRFNw+MSIvP6baudaivpUxflLenCabKLHhMHREDrHJuXUOBe2OCfx1HR7PQlYUOUuXDBCBCQ==",
      "engines": {
        "node": ">=16.0.0"
      },
      "peerDependencies": {
        "@dicebear/core": "^6.0.0"
      }
    },
    "node_modules/@dicebear/thumbs": {
      "version": "6.0.4",
      "resolved": "https://registry.npmjs.org/@dicebear/thumbs/-/thumbs-6.0.4.tgz",
      "integrity": "sha512-0W+QbDCpEtuVQed/Hj1BICm/RJSd4RU5ZjtulITDHozjVyej0c4sRx3iLZ23gz/YxxTu1xzA6C+OT3yPQ1db5Q==",
      "engines": {
        "node": ">=16.0.0"
      },
      "peerDependencies": {
        "@dicebear/core": "^6.0.0"
      }
    },
    "node_modules/@types/json-schema": {
      "version": "7.0.12",
      "resolved": "https://registry.npmjs.org/@types/json-schema/-/json-schema-7.0.12.tgz",
      "integrity": "sha512-Hr5Jfhc9eYOQNPYO5WLDq/n4jqijdHNlDXjuAQkkt+mWdQR+XJToOHrsD4cPaMXpn6KO7y2+wM8AZEs8VpBLVA=="
    },
    "node_modules/avataaars": {
      "version": "2.0.0",
      "resolved": "https://registry.npmjs.org/avataaars/-/avataaars-2.0.0.tgz",
      "integrity": "sha512-VBS14dAvTe1l/HEwSoR5LArV7OqXgbhksBCS3CZZLIOQfv+oM3yVgy0d5QKz/KYqNMmS8emSzD9znlrOhbg2fA==",
      "dependencies": {
        "lodash": ">=4.17.21",
        "prop-types": "^15.7.2"
      },
      "peerDependencies": {
        "react": "^17.0.0"
      }
    },
    "node_modules/balanced-match": {
      "version": "1.0.2",
      "resolved": "https://registry.npmjs.org/balanced-match/-/balanced-match-1.0.2.tgz",
      "integrity": "sha512-3oSeUO0TMV67hN1AmbXsK4yaqU7tjiHlbxRDZOpH0KW9+CeX4bRAaX0Anxt0tx2MrpRpWwQaPwIlISEJhYU5Pw=="
    },
    "node_modules/brace-expansion": {
      "version": "1.1.11",
      "resolved": "https://registry.npmjs.org/brace-expansion/-/brace-expansion-1.1.11.tgz",
      "integrity": "sha512-iCuPHDFgrHX7H2vEI/5xpz07zSHB00TpugqhmYtVmMO6518mCuRMoOYFldEBl0g187ufozdaHgWKcYFb61qGiA==",
      "dependencies": {
        "balanced-match": "^1.0.0",
        "concat-map": "0.0.1"
      }
    },
    "node_modules/chroma-js": {
      "version": "2.4.2",
      "resolved": "https://registry.npmjs.org/chroma-js/-/chroma-js-2.4.2.tgz",
      "integrity": "sha512-U9eDw6+wt7V8z5NncY2jJfZa+hUH8XEj8FQHgFJTrUFnJfXYf4Ml4adI2vXZOjqRDpFWtYVWypDfZwnJ+HIR4A=="
    },
    "node_modules/concat-map": {
      "version": "0.0.1",
      "resolved": "https://registry.npmjs.org/concat-map/-/concat-map-0.0.1.tgz",
      "integrity": "sha512-/Srv4dswyQNBfohGpz9o6Yb3Gz3SrUDqBH5rTuhGR7ahtlbYKnVxw2bCFMRljaA7EXHaXZ8wsHdodFvbkhKmqg=="
    },
    "node_modules/fs.realpath": {
      "version": "1.0.0",
      "resolved": "https://registry.npmjs.org/fs.realpath/-/fs.realpath-1.0.0.tgz",
      "integrity": "sha512-OO0pH2lK6a0hZnAdau5ItzHPI6pUlvI7jMVnxUQRtw4owF2wk8lOSabtGDCTP4Ggrg2MbGnWO9X8K1t4+fGMDw=="
    },
    "node_modules/glob": {
      "version": "7.2.3",
      "resolved": "https://registry.npmjs.org/glob/-/glob-7.2.3.tgz",
      "integrity": "sha512-nFR0zLpU2YCaRxwoCJvL6UvCH2JFyFVIvwTLsIf21AuHlMskA1hhTdk+LlYJtOlYt9v6dvszD2BGRqBL+iQK9Q==",
      "dependencies": {
        "fs.realpath": "^1.0.0",
        "inflight": "^1.0.4",
        "inherits": "2",
        "minimatch": "^3.1.1",
        "once": "^1.3.0",
        "path-is-absolute": "^1.0.0"
      },
      "engines": {
        "node": "*"
      },
      "funding": {
        "url": "https://github.com/sponsors/isaacs"
      }
    },
    "node_modules/inflight": {
      "version": "1.0.6",
      "resolved": "https://registry.npmjs.org/inflight/-/inflight-1.0.6.tgz",
      "integrity": "sha512-k92I/b08q4wvFscXCLvqfsHCrjrF7yiXsQuIVvVE7N82W3+aqpzuUdBbfhWcy/FZR3/4IgflMgKLOsvPDrGCJA==",
      "dependencies": {
        "once": "^1.3.0",
        "wrappy": "1"
      }
    },
    "node_modules/inherits": {
      "version": "2.0.4",
      "resolved": "https://registry.npmjs.org/inherits/-/inherits-2.0.4.tgz",
      "integrity": "sha512-k/vGaX4/Yla3WzyMCvTQOXYeIHvqOKtnqBduzTHpzpQZzAskKMhZ2K+EnBiSM9zGSoIFeMpXKxa4dYeZIQqewQ=="
    },
    "node_modules/js-tokens": {
      "version": "4.0.0",
      "resolved": "https://registry.npmjs.org/js-tokens/-/js-tokens-4.0.0.tgz",
      "integrity": "sha512-RdJUflcE3cUzKiMqQgsCu06FPu9UdIJO0beYbPhHN4k6apgJtifcoCtT9bcxOpYBtpD2kCM6Sbzg4CausW/PKQ=="
    },
    "node_modules/lodash": {
      "version": "4.17.21",
      "resolved": "https://registry.npmjs.org/lodash/-/lodash-4.17.21.tgz",
      "integrity": "sha512-v2kDEe57lecTulaDIuNTPy3Ry4gLGJ6Z1O3vE1krgXZNrsQ+LFTGHVxVjcXPs17LhbZVGedAJv8XZ1tvj5FvSg=="
    },
    "node_modules/loose-envify": {
      "version": "1.4.0",
      "resolved": "https://registry.npmjs.org/loose-envify/-/loose-envify-1.4.0.tgz",
      "integrity": "sha512-lyuxPGr/Wfhrlem2CL/UcnUc1zcqKAImBDzukY7Y5F/yQiNdko6+fRLevlw1HgMySw7f611UIY408EtxRSoK3Q==",
      "dependencies": {
        "js-tokens": "^3.0.0 || ^4.0.0"
      },
      "bin": {
        "loose-envify": "cli.js"
      }
    },
    "node_modules/minimatch": {
      "version": "3.1.2",
      "resolved": "https://registry.npmjs.org/minimatch/-/minimatch-3.1.2.tgz",
      "integrity": "sha512-J7p63hRiAjw1NDEww1W7i37+ByIrOWO5XQQAzZ3VOcL0PNybwpfmV/N05zFAzwQ9USyEcX6t3UO+K5aqBQOIHw==",
      "dependencies": {
        "brace-expansion": "^1.1.7"
      },
      "engines": {
        "node": "*"
      }
    },
    "node_modules/object-assign": {
      "version": "4.1.1",
      "resolved": "https://registry.npmjs.org/object-assign/-/object-assign-4.1.1.tgz",
      "integrity": "sha512-rJgTQnkUnH1sFw8yT6VSU3zD3sWmu6sZhIseY8VX+GRu3P6F7Fu+JNDoXfklElbLJSnc3FUQHVe4cU5hj+BcUg==",
      "engines": {
        "node": ">=0.10.0"
      }
    },
    "node_modules/once": {
      "version": "1.4.0",
      "resolved": "https://registry.npmjs.org/once/-/once-1.4.0.tgz",
      "integrity": "sha512-lNaJgI+2Q5URQBkccEKHTQOPaXdUxnZZElQTZY0MFUAuaEqe1E+Nyvgdz/aIyNi6Z9MzO5dv1H8n58/GELp3+w==",
      "dependencies": {
        "wrappy": "1"
      }
    },
    "node_modules/path-is-absolute": {
      "version": "1.0.1",
      "resolved": "https://registry.npmjs.org/path-is-absolute/-/path-is-absolute-1.0.1.tgz",
      "integrity": "sha512-AVbw3UJ2e9bq64vSaS9Am0fje1Pa8pbGqTTsmXfaIiMpnr5DlDhfJOuLj9Sf95ZPVDAUerDfEk88MPmPe7UCQg==",
      "engines": {
        "node": ">=0.10.0"
      }
    },
    "node_modules/prop-types": {
      "version": "15.8.1",
      "resolved": "https://registry.npmjs.org/prop-types/-/prop-types-15.8.1.tgz",
      "integrity": "sha512-oj87CgZICdulUohogVAR7AjlC0327U4el4L6eAvOqCeudMDVU0NThNaV+b9Df4dXgSP1gXMTnPdhfe/2qDH5cg==",
      "dependencies": {
        "loose-envify": "^1.4.0",
        "object-assign": "^4.1.1",
        "react-is": "^16.13.1"
      }
    },
    "node_modules/react": {
      "version": "17.0.2",
      "resolved": "https://registry.npmjs.org/react/-/react-17.0.2.tgz",
      "integrity": "sha512-gnhPt75i/dq/z3/6q/0asP78D0u592D5L1pd7M8P+dck6Fu/jJeL6iVVK23fptSUZj8Vjf++7wXA8UNclGQcbA==",
      "peer": true,
      "dependencies": {
        "loose-envify": "^1.1.0",
        "object-assign": "^4.1.1"
      },
      "engines": {
        "node": ">=0.10.0"
      }
    },
    "node_modules/react-is": {
      "version": "16.13.1",
      "resolved": "https://registry.npmjs.org/react-is/-/react-is-16.13.1.tgz",
      "integrity": "sha512-24e6ynE2H+OKt4kqsOvNd8kBpV65zoxbA4BVsEOB3ARVWQki/DHzaUoC5KuON/BiccDaCCTZBuOcfZs70kR8bQ=="
    },
    "node_modules/react-nice-avatar": {
      "version": "1.4.1",
      "resolved": "https://registry.npmjs.org/react-nice-avatar/-/react-nice-avatar-1.4.1.tgz",
      "integrity": "sha512-IKC51UTBbPm7rVsFNCiSEs/oP7W2/scod7/s8xCxqF/yMGS+Xs5HDAVxpyTEwv2iCYVoBq8H/E8SnbqwnWvupA==",
      "dependencies": {
        "@babel/runtime": "^7.14.3",
        "chroma-js": "^2.1.2",
        "prop-types": "^15.7.2"
      },
      "peerDependencies": {
        "react": ">=16.0.0"
      }
    },
    "node_modules/regenerator-runtime": {
      "version": "0.13.11",
      "resolved": "https://registry.npmjs.org/regenerator-runtime/-/regenerator-runtime-0.13.11.tgz",
      "integrity": "sha512-kY1AZVr2Ra+t+piVaJ4gxaFaReZVH40AKNo7UCX6W+dEwBo/2oZJzqfuN1qLq1oL45o56cPaTXELwrTh8Fpggg=="
    },
    "node_modules/rimraf": {
      "version": "3.0.2",
      "resolved": "https://registry.npmjs.org/rimraf/-/rimraf-3.0.2.tgz",
      "integrity": "sha512-JZkJMZkAGFFPP2YqXZXPbMlMBgsxzE8ILs4lMIX/2o0L9UBw9O/Y3o6wFw/i9YLapcUJWwqbi3kdxIPdC62TIA==",
      "dependencies": {
        "glob": "^7.1.3"
      },
      "bin": {
        "rimraf": "bin.js"
      },
      "funding": {
        "url": "https://github.com/sponsors/isaacs"
      }
    },
    "node_modules/tmp": {
      "version": "0.2.1",
      "resolved": "https://registry.npmjs.org/tmp/-/tmp-0.2.1.tgz",
      "integrity": "sha512-76SUhtfqR2Ijn+xllcI5P1oyannHNHByD80W1q447gU3mp9G9PSpGdWmjUOHRDPiHYacIk66W7ubDTuPF3BEtQ==",
      "dependencies": {
        "rimraf": "^3.0.0"
      },
      "engines": {
        "node": ">=8.17.0"
      }
    },
    "node_modules/tmp-promise": {
      "version": "3.0.3",
      "resolved": "https://registry.npmjs.org/tmp-promise/-/tmp-promise-3.0.3.tgz",
      "integrity": "sha512-RwM7MoPojPxsOBYnyd2hy0bxtIlVrihNs9pj5SUvY8Zz1sQcQG2tG1hSr8PDxfgEB8RNKDhqbIlroIarSNDNsQ==",
      "dependencies": {
        "tmp": "^0.2.0"
      }
    },
    "node_modules/wrappy": {
      "version": "1.0.2",
      "resolved": "https://registry.npmjs.org/wrappy/-/wrappy-1.0.2.tgz",
      "integrity": "sha512-l4Sp/DRseor9wL6EvV2+TuQn63dMkPjZ/sp9XkghTEbV9KlPS1xUsZ3u7/IQO4wxtcFB4bgpQPRcR3QCvezPcQ=="
    }
  }
}
